github.com/gorilla/websocket v1.5.1 h1:gmztn0JnHVt9JWquRSQcxYEAqQ6HNTFG6eoqiHc2mQ=
github.com/gorilla/websocket v1.5.1/go.mod h1:x3kM2gCUo8i/j6jbtEHXV5JJvN3ouvrKyVOkAHtPT8=
go.uber.org/multierr v1.11.0 h1:blXXJkSGoesOQYDvjlTTQmC8SGLzoqVm9KLvqc38+M=
go.uber.org/multierr v1.11.0/go.mod h1:20+QBTRclQe7qtn+9HrMMqqbVm40nCMvm2bNvoks/k=
go.uber.org/zap v1.26.0 h1:sI7k6L95SQKNQ7QoeSQFqccNj4n9xMsHm0Pt+SgBCw=
go.uber.org/zap v1.26.0/go.mod h1:dtElZpCW3FrbjnoAZeVxH7cbGg8Qt5NWnjblKqMp6Q=
